
Microsoft Visual Studio Solution File, Format Version 12.00
# Visual Studio Version 16
VisualStudioVersion = 16.0.30406.217
MinimumVisualStudioVersion = 10.0.40219.1
Project("{FAE04EC0-301F-11D3-BF4B-00C04F79EFBC}") = "Eon_TestAssignment", "Eon_TestAssignment.csproj", "{ADBD2A7F-8304-436E-98AC-ED378C2A5146}"
EndProject
Global
	GlobalSection(SolutionConfigurationPlatforms) = preSolution
		Debug|Any CPU = Debug|Any CPU
		Release|Any CPU = Release|Any CPU
	EndGlobalSection
	GlobalSection(ProjectConfigurationPlatforms) = postSolution
		{ADBD2A7F-8304-436E-98AC-ED378C2A5146}.Debug|Any CPU.ActiveCfg = Debug|Any CPU
		{ADBD2A7F-8304-436E-98AC-ED378C2A5146}.Debug|Any CPU.Build.0 = Debug|Any CPU
		{ADBD2A7F-8304-436E-98AC-ED378C2A5146}.Release|Any CPU.ActiveCfg = Release|Any CPU
		{ADBD2A7F-8304-436E-98AC-ED378C2A5146}.Release|Any CPU.Build.0 = Release|Any CPU
	EndGlobalSection
	GlobalSection(SolutionProperties) = preSolution
		HideSolutionNode = FALSE
	EndGlobalSection
	GlobalSection(ExtensibilityGlobals) = postSolution
		SolutionGuid = {96DC8941-9D2F-4DD4-9E9A-668230FF574D}
	EndGlobalSection
EndGlobal
